
Microsoft Visual Studio Solution File, Format Version 12.00
# Visual Studio 15
VisualStudioVersion = 15.0.27703.2042
MinimumVisualStudioVersion = 10.0.40219.1
Project("{FAE04EC0-301F-11D3-BF4B-00C04F79EFBC}") = "ConsoleApp1", "ConsoleApp1\ConsoleApp1.csproj", "{407D56B1-1C13-4371-8663-E5F0BA8D506C}"
EndProject
Global
	GlobalSection(SolutionConfigurationPlatforms) = preSolution
		Debug|Any CPU = Debug|Any CPU
		Release|Any CPU = Release|Any CPU
	EndGlobalSection
	GlobalSection(ProjectConfigurationPlatforms) = postSolution
		{407D56B1-1C13-4371-8663-E5F0BA8D506C}.Debug|Any CPU.ActiveCfg = Debug|Any CPU
		{407D56B1-1C13-4371-8663-E5F0BA8D506C}.Debug|Any CPU.Build.0 = Debug|Any CPU
		{407D56B1-1C13-4371-8663-E5F0BA8D506C}.Release|Any CPU.ActiveCfg = Release|Any CPU
		{407D56B1-1C13-4371-8663-E5F0BA8D506C}.Release|Any CPU.Build.0 = Release|Any CPU
	EndGlobalSection
	GlobalSection(SolutionProperties) = preSolution
		HideSolutionNode = FALSE
	EndGlobalSection
	GlobalSection(ExtensibilityGlobals) = postSolution
		SolutionGuid = {BED8DD21-161A-4B14-802C-FE39F7D23FCD}
	EndGlobalSection
EndGlobal
